
Microsoft Visual Studio Solution File, Format Version 12.00
# Visual Studio Version 17
VisualStudioVersion = 17.14.36109.1 d17.14
MinimumVisualStudioVersion = 10.0.40219.1
Project("{FAE04EC0-301F-11D3-BF4B-00C04F79EFBC}") = "CollateralPledgeAgent", "CollateralPledgeAgent.csproj", "{19AEB40A-7941-4FD9-8838-1D7D1CF71181}"
EndProject
Global
	GlobalSection(SolutionConfigurationPlatforms) = preSolution
		Debug|Any CPU = Debug|Any CPU
		Release|Any CPU = Release|Any CPU
	EndGlobalSection
	GlobalSection(ProjectConfigurationPlatforms) = postSolution
		{19AEB40A-7941-4FD9-8838-1D7D1CF71181}.Debug|Any CPU.ActiveCfg = Debug|Any CPU
		{19AEB40A-7941-4FD9-8838-1D7D1CF71181}.Debug|Any CPU.Build.0 = Debug|Any CPU
		{19AEB40A-7941-4FD9-8838-1D7D1CF71181}.Release|Any CPU.ActiveCfg = Release|Any CPU
		{19AEB40A-7941-4FD9-8838-1D7D1CF71181}.Release|Any CPU.Build.0 = Release|Any CPU
	EndGlobalSection
	GlobalSection(SolutionProperties) = preSolution
		HideSolutionNode = FALSE
	EndGlobalSection
	GlobalSection(ExtensibilityGlobals) = postSolution
		SolutionGuid = {E74856A2-6D12-47E0-B44C-74054943265D}
	EndGlobalSection
EndGlobal
